
Microsoft Visual Studio Solution File, Format Version 12.00
# Visual Studio Version 17
VisualStudioVersion = 17.5.33424.131
MinimumVisualStudioVersion = 10.0.40219.1
Project("{FAE04EC0-301F-11D3-BF4B-00C04F79EFBC}") = "Trainer-backend", "Trainer-backend\Trainer-backend.csproj", "{33FFD660-D77A-40A4-BFEC-88916954D742}"
EndProject
Global
	GlobalSection(SolutionConfigurationPlatforms) = preSolution
		Debug|Any CPU = Debug|Any CPU
		Release|Any CPU = Release|Any CPU
	EndGlobalSection
	GlobalSection(ProjectConfigurationPlatforms) = postSolution
		{33FFD660-D77A-40A4-BFEC-88916954D742}.Debug|Any CPU.ActiveCfg = Debug|Any CPU
		{33FFD660-D77A-40A4-BFEC-88916954D742}.Debug|Any CPU.Build.0 = Debug|Any CPU
		{33FFD660-D77A-40A4-BFEC-88916954D742}.Release|Any CPU.ActiveCfg = Release|Any CPU
		{33FFD660-D77A-40A4-BFEC-88916954D742}.Release|Any CPU.Build.0 = Release|Any CPU
	EndGlobalSection
	GlobalSection(SolutionProperties) = preSolution
		HideSolutionNode = FALSE
	EndGlobalSection
	GlobalSection(ExtensibilityGlobals) = postSolution
		SolutionGuid = {66A519EB-5FF4-498E-87C7-E53019A213DB}
	EndGlobalSection
EndGlobal
